
Microsoft Visual Studio Solution File, Format Version 12.00
# Visual Studio Version 17
VisualStudioVersion = 17.2.32616.157
MinimumVisualStudioVersion = 10.0.40219.1
Project("{9A19103F-16F7-4668-BE54-9A1E7A4F7556}") = "Core", "Core\Core.csproj", "{27845CE3-18C3-43F8-82D3-89A7201AF72E}"
EndProject
Project("{9A19103F-16F7-4668-BE54-9A1E7A4F7556}") = "Infastructure", "Infastructure\Infastructure.csproj", "{80C6D41C-99A7-4914-A07F-A0F44D60CDB6}"
EndProject
Project("{9A19103F-16F7-4668-BE54-9A1E7A4F7556}") = "KafkaProducerClient", "KafkaProducerClient\KafkaProducerClient.csproj", "{47F05268-C9C8-4071-BDFC-0CA7715FB2F4}"
EndProject
Project("{2150E333-8FDC-42A3-9474-1A3956D46DE8}") = "K8s", "K8s", "{96C30DD1-4EB1-45F2-AEAD-24F3D17A660B}"
	ProjectSection(SolutionItems) = preProject
		deployment.yml = deployment.yml
		services.yml = services.yml
	EndProjectSection
EndProject
Global
	GlobalSection(SolutionConfigurationPlatforms) = preSolution
		Debug|Any CPU = Debug|Any CPU
		Release|Any CPU = Release|Any CPU
	EndGlobalSection
	GlobalSection(ProjectConfigurationPlatforms) = postSolution
		{27845CE3-18C3-43F8-82D3-89A7201AF72E}.Debug|Any CPU.ActiveCfg = Debug|Any CPU
		{27845CE3-18C3-43F8-82D3-89A7201AF72E}.Debug|Any CPU.Build.0 = Debug|Any CPU
		{27845CE3-18C3-43F8-82D3-89A7201AF72E}.Release|Any CPU.ActiveCfg = Release|Any CPU
		{27845CE3-18C3-43F8-82D3-89A7201AF72E}.Release|Any CPU.Build.0 = Release|Any CPU
		{80C6D41C-99A7-4914-A07F-A0F44D60CDB6}.Debug|Any CPU.ActiveCfg = Debug|Any CPU
		{80C6D41C-99A7-4914-A07F-A0F44D60CDB6}.Debug|Any CPU.Build.0 = Debug|Any CPU
		{80C6D41C-99A7-4914-A07F-A0F44D60CDB6}.Release|Any CPU.ActiveCfg = Release|Any CPU
		{80C6D41C-99A7-4914-A07F-A0F44D60CDB6}.Release|Any CPU.Build.0 = Release|Any CPU
		{47F05268-C9C8-4071-BDFC-0CA7715FB2F4}.Debug|Any CPU.ActiveCfg = Debug|Any CPU
		{47F05268-C9C8-4071-BDFC-0CA7715FB2F4}.Debug|Any CPU.Build.0 = Debug|Any CPU
		{47F05268-C9C8-4071-BDFC-0CA7715FB2F4}.Release|Any CPU.ActiveCfg = Release|Any CPU
		{47F05268-C9C8-4071-BDFC-0CA7715FB2F4}.Release|Any CPU.Build.0 = Release|Any CPU
	EndGlobalSection
	GlobalSection(SolutionProperties) = preSolution
		HideSolutionNode = FALSE
	EndGlobalSection
	GlobalSection(ExtensibilityGlobals) = postSolution
		SolutionGuid = {A95A062E-9768-4BB1-8B02-779A8BB734EF}
	EndGlobalSection
EndGlobal
